// !$*UTF8*$!
{
	archiveVersion = 1;
	classes = {
	};
	objectVersion = 50;
	objects = {

/* Begin PBXBuildFile section */
		E6B5407F2617E2C700DB0807 /* AppDelegate.swift in Sources */ = {isa = PBXBuildFile; fileRef = E6B5407E2617E2C700DB0807 /* AppDelegate.swift */; };
		E6B540812617E2C700DB0807 /* SceneDelegate.swift in Sources */ = {isa = PBXBuildFile; fileRef = E6B540802617E2C700DB0807 /* SceneDelegate.swift */; };
		E6B540862617E2C700DB0807 /* Main.storyboard in Resources */ = {isa = PBXBuildFile; fileRef = E6B540842617E2C700DB0807 /* Main.storyboard */; };
		E6B540882617E2D300DB0807 /* Assets.xcassets in Resources */ = {isa = PBXBuildFile; fileRef = E6B540872617E2D300DB0807 /* Assets.xcassets */; };
		E6B5408B2617E2D300DB0807 /* LaunchScreen.storyboard in Resources */ = {isa = PBXBuildFile; fileRef = E6B540892617E2D300DB0807 /* LaunchScreen.storyboard */; };
		E6B540962617E2D300DB0807 /* SportsTimerTests.swift in Sources */ = {isa = PBXBuildFile; fileRef = E6B540952617E2D300DB0807 /* SportsTimerTests.swift */; };
		E6B540A12617E2D400DB0807 /* SportsTimerUITests.swift in Sources */ = {isa = PBXBuildFile; fileRef = E6B540A02617E2D400DB0807 /* SportsTimerUITests.swift */; };
		E6B540B2261BA42B00DB0807 /* SportsTimerViewController.swift in Sources */ = {isa = PBXBuildFile; fileRef = E6B540B1261BA42B00DB0807 /* SportsTimerViewController.swift */; };
		E6B540B7261BB1DE00DB0807 /* Models.swift in Sources */ = {isa = PBXBuildFile; fileRef = E6B540B6261BB1DE00DB0807 /* Models.swift */; };
		E6B540BF261BB44D00DB0807 /* AppColors.swift in Sources */ = {isa = PBXBuildFile; fileRef = E6B540BE261BB44D00DB0807 /* AppColors.swift */; };
		E6B540C4261BB9AB00DB0807 /* ActivitiesManager.swift in Sources */ = {isa = PBXBuildFile; fileRef = E6B540C3261BB9AB00DB0807 /* ActivitiesManager.swift */; };
		E6CA8B6D2620C24E0003E6BE /* mock.json in Resources */ = {isa = PBXBuildFile; fileRef = E6CA8B6C2620C24D0003E6BE /* mock.json */; };
/* End PBXBuildFile section */

/* Begin PBXContainerItemProxy section */
		E6B540922617E2D300DB0807 /* PBXContainerItemProxy */ = {
			isa = PBXContainerItemProxy;
			containerPortal = E6B540732617E2C700DB0807 /* Project object */;
			proxyType = 1;
			remoteGlobalIDString = E6B5407A2617E2C700DB0807;
			remoteInfo = SportsTimer;
		};
		E6B5409D2617E2D400DB0807 /* PBXContainerItemProxy */ = {
			isa = PBXContainerItemProxy;
			containerPortal = E6B540732617E2C700DB0807 /* Project object */;
			proxyType = 1;
			remoteGlobalIDString = E6B5407A2617E2C700DB0807;
			remoteInfo = SportsTimer;
		};
/* End PBXContainerItemProxy section */

/* Begin PBXFileReference section */
		E6B5407B2617E2C700DB0807 /* SportsTimer.app */ = {isa = PBXFileReference; explicitFileType = wrapper.application; includeInIndex = 0; path = SportsTimer.app; sourceTree = BUILT_PRODUCTS_DIR; };
		E6B5407E2617E2C700DB0807 /* AppDelegate.swift */ = {isa = PBXFileReference; lastKnownFileType = sourcecode.swift; path = AppDelegate.swift; sourceTree = "<group>"; };
		E6B540802617E2C700DB0807 /* SceneDelegate.swift */ = {isa = PBXFileReference; lastKnownFileType = sourcecode.swift; path = SceneDelegate.swift; sourceTree = "<group>"; };
		E6B540852617E2C700DB0807 /* Base */ = {isa = PBXFileReference; lastKnownFileType = file.storyboard; name = Base; path = Base.lproj/Main.storyboard; sourceTree = "<group>"; };
		E6B540872617E2D300DB0807 /* Assets.xcassets */ = {isa = PBXFileReference; lastKnownFileType = folder.assetcatalog; path = Assets.xcassets; sourceTree = "<group>"; };
		E6B5408A2617E2D300DB0807 /* Base */ = {isa = PBXFileReference; lastKnownFileType = file.storyboard; name = Base; path = Base.lproj/LaunchScreen.storyboard; sourceTree = "<group>"; };
		E6B5408C2617E2D300DB0807 /* Info.plist */ = {isa = PBXFileReference; lastKnownFileType = text.plist.xml; path = Info.plist; sourceTree = "<group>"; };
		E6B540912617E2D300DB0807 /* SportsTimerTests.xctest */ = {isa = PBXFileReference; explicitFileType = wrapper.cfbundle; includeInIndex = 0; path = SportsTimerTests.xctest; sourceTree = BUILT_PRODUCTS_DIR; };
		E6B540952617E2D300DB0807 /* SportsTimerTests.swift */ = {isa = PBXFileReference; lastKnownFileType = sourcecode.swift; path = SportsTimerTests.swift; sourceTree = "<group>"; };
		E6B540972617E2D400DB0807 /* Info.plist */ = {isa = PBXFileReference; lastKnownFileType = text.plist.xml; path = Info.plist; sourceTree = "<group>"; };
		E6B5409C2617E2D400DB0807 /* SportsTimerUITests.xctest */ = {isa = PBXFileReference; explicitFileType = wrapper.cfbundle; includeInIndex = 0; path = SportsTimerUITests.xctest; sourceTree = BUILT_PRODUCTS_DIR; };
		E6B540A02617E2D400DB0807 /* SportsTimerUITests.swift */ = {isa = PBXFileReference; lastKnownFileType = sourcecode.swift; path = SportsTimerUITests.swift; sourceTree = "<group>"; };
		E6B540A22617E2D400DB0807 /* Info.plist */ = {isa = PBXFileReference; lastKnownFileType = text.plist.xml; path = Info.plist; sourceTree = "<group>"; };
		E6B540B1261BA42B00DB0807 /* SportsTimerViewController.swift */ = {isa = PBXFileReference; lastKnownFileType = sourcecode.swift; path = SportsTimerViewController.swift; sourceTree = "<group>"; };
		E6B540B6261BB1DE00DB0807 /* Models.swift */ = {isa = PBXFileReference; lastKnownFileType = sourcecode.swift; path = Models.swift; sourceTree = "<group>"; };
		E6B540BE261BB44D00DB0807 /* AppColors.swift */ = {isa = PBXFileReference; lastKnownFileType = sourcecode.swift; path = AppColors.swift; sourceTree = "<group>"; };
		E6B540C3261BB9AB00DB0807 /* ActivitiesManager.swift */ = {isa = PBXFileReference; lastKnownFileType = sourcecode.swift; path = ActivitiesManager.swift; sourceTree = "<group>"; };
		E6CA8B6C2620C24D0003E6BE /* mock.json */ = {isa = PBXFileReference; fileEncoding = 4; lastKnownFileType = text.json; path = mock.json; sourceTree = "<group>"; };
/* End PBXFileReference section */

/* Begin PBXFrameworksBuildPhase section */
		E6B540782617E2C700DB0807 /* Frameworks */ = {
			isa = PBXFrameworksBuildPhase;
			buildActionMask = 2147483647;
			files = (
			);
			runOnlyForDeploymentPostprocessing = 0;
		};
		E6B5408E2617E2D300DB0807 /* Frameworks */ = {
			isa = PBXFrameworksBuildPhase;
			buildActionMask = 2147483647;
			files = (
			);
			runOnlyForDeploymentPostprocessing = 0;
		};
		E6B540992617E2D400DB0807 /* Frameworks */ = {
			isa = PBXFrameworksBuildPhase;
			buildActionMask = 2147483647;
			files = (
			);
			runOnlyForDeploymentPostprocessing = 0;
		};
/* End PBXFrameworksBuildPhase section */

/* Begin PBXGroup section */
		E6B540722617E2C700DB0807 = {
			isa = PBXGroup;
			children = (
				E6B5407D2617E2C700DB0807 /* SportsTimer */,
				E6B540942617E2D300DB0807 /* SportsTimerTests */,
				E6B5409F2617E2D400DB0807 /* SportsTimerUITests */,
				E6B5407C2617E2C700DB0807 /* Products */,
			);
			sourceTree = "<group>";
		};
		E6B5407C2617E2C700DB0807 /* Products */ = {
			isa = PBXGroup;
			children = (
				E6B5407B2617E2C700DB0807 /* SportsTimer.app */,
				E6B540912617E2D300DB0807 /* SportsTimerTests.xctest */,
				E6B5409C2617E2D400DB0807 /* SportsTimerUITests.xctest */,
			);
			name = Products;
			sourceTree = "<group>";
		};
		E6B5407D2617E2C700DB0807 /* SportsTimer */ = {
			isa = PBXGroup;
			children = (
				E6B5407E2617E2C700DB0807 /* AppDelegate.swift */,
				E6B540802617E2C700DB0807 /* SceneDelegate.swift */,
				E6B540842617E2C700DB0807 /* Main.storyboard */,
				E6B540872617E2D300DB0807 /* Assets.xcassets */,
				E6B540892617E2D300DB0807 /* LaunchScreen.storyboard */,
				E6B5408C2617E2D300DB0807 /* Info.plist */,
				E6B540B1261BA42B00DB0807 /* SportsTimerViewController.swift */,
				E6B540B6261BB1DE00DB0807 /* Models.swift */,
				E6CA8B6C2620C24D0003E6BE /* mock.json */,
				E6B540BE261BB44D00DB0807 /* AppColors.swift */,
				E6B540C3261BB9AB00DB0807 /* ActivitiesManager.swift */,
			);
			path = SportsTimer;
			sourceTree = "<group>";
		};
		E6B540942617E2D300DB0807 /* SportsTimerTests */ = {
			isa = PBXGroup;
			children = (
				E6B540952617E2D300DB0807 /* SportsTimerTests.swift */,
				E6B540972617E2D400DB0807 /* Info.plist */,
			);
			path = SportsTimerTests;
			sourceTree = "<group>";
		};
		E6B5409F2617E2D400DB0807 /* SportsTimerUITests */ = {
			isa = PBXGroup;
			children = (
				E6B540A02617E2D400DB0807 /* SportsTimerUITests.swift */,
				E6B540A22617E2D400DB0807 /* Info.plist */,
			);
			path = SportsTimerUITests;
			sourceTree = "<group>";
		};
/* End PBXGroup section */

/* Begin PBXNativeTarget section */
		E6B5407A2617E2C700DB0807 /* SportsTimer */ = {
			isa = PBXNativeTarget;
			buildConfigurationList = E6B540A52617E2D400DB0807 /* Build configuration list for PBXNativeTarget "SportsTimer" */;
			buildPhases = (
				E6B540772617E2C700DB0807 /* Sources */,
				E6B540782617E2C700DB0807 /* Frameworks */,
				E6B540792617E2C700DB0807 /* Resources */,
			);
			buildRules = (
			);
			dependencies = (
			);
			name = SportsTimer;
			productName = SportsTimer;
			productReference = E6B5407B2617E2C700DB0807 /* SportsTimer.app */;
			productType = "com.apple.product-type.application";
		};
		E6B540902617E2D300DB0807 /* SportsTimerTests */ = {
			isa = PBXNativeTarget;
			buildConfigurationList = E6B540A82617E2D400DB0807 /* Build configuration list for PBXNativeTarget "SportsTimerTests" */;
			buildPhases = (
				E6B5408D2617E2D300DB0807 /* Sources */,
				E6B5408E2617E2D300DB0807 /* Frameworks */,
				E6B5408F2617E2D300DB0807 /* Resources */,
			);
			buildRules = (
			);
			dependencies = (
				E6B540932617E2D300DB0807 /* PBXTargetDependency */,
			);
			name = SportsTimerTests;
			productName = SportsTimerTests;
			productReference = E6B540912617E2D300DB0807 /* SportsTimerTests.xctest */;
			productType = "com.apple.product-type.bundle.unit-test";
		};
		E6B5409B2617E2D400DB0807 /* SportsTimerUITests */ = {
			isa = PBXNativeTarget;
			buildConfigurationList = E6B540AB2617E2D400DB0807 /* Build configuration list for PBXNativeTarget "SportsTimerUITests" */;
			buildPhases = (
				E6B540982617E2D400DB0807 /* Sources */,
				E6B540992617E2D400DB0807 /* Frameworks */,
				E6B5409A2617E2D400DB0807 /* Resources */,
			);
			buildRules = (
			);
			dependencies = (
				E6B5409E2617E2D400DB0807 /* PBXTargetDependency */,
			);
			name = SportsTimerUITests;
			productName = SportsTimerUITests;
			productReference = E6B5409C2617E2D400DB0807 /* SportsTimerUITests.xctest */;
			productType = "com.apple.product-type.bundle.ui-testing";
		};
/* End PBXNativeTarget section */

/* Begin PBXProject section */
		E6B540732617E2C700DB0807 /* Project object */ = {
			isa = PBXProject;
			attributes = {
				LastSwiftUpdateCheck = 1240;
				LastUpgradeCheck = 1240;
				TargetAttributes = {
					E6B5407A2617E2C700DB0807 = {
						CreatedOnToolsVersion = 12.4;
					};
					E6B540902617E2D300DB0807 = {
						CreatedOnToolsVersion = 12.4;
						TestTargetID = E6B5407A2617E2C700DB0807;
					};
					E6B5409B2617E2D400DB0807 = {
						CreatedOnToolsVersion = 12.4;
						TestTargetID = E6B5407A2617E2C700DB0807;
					};
				};
			};
			buildConfigurationList = E6B540762617E2C700DB0807 /* Build configuration list for PBXProject "SportsTimer" */;
			compatibilityVersion = "Xcode 9.3";
			developmentRegion = en;
			hasScannedForEncodings = 0;
			knownRegions = (
				en,
				Base,
			);
			mainGroup = E6B540722617E2C700DB0807;
			productRefGroup = E6B5407C2617E2C700DB0807 /* Products */;
			projectDirPath = "";
			projectRoot = "";
			targets = (
				E6B5407A2617E2C700DB0807 /* SportsTimer */,
				E6B540902617E2D300DB0807 /* SportsTimerTests */,
				E6B5409B2617E2D400DB0807 /* SportsTimerUITests */,
			);
		};
/* End PBXProject section */

/* Begin PBXResourcesBuildPhase section */
		E6B540792617E2C700DB0807 /* Resources */ = {
			isa = PBXResourcesBuildPhase;
			buildActionMask = 2147483647;
			files = (
				E6B5408B2617E2D300DB0807 /* LaunchScreen.storyboard in Resources */,
				E6B540882617E2D300DB0807 /* Assets.xcassets in Resources */,
				E6B540862617E2C700DB0807 /* Main.storyboard in Resources */,
				E6CA8B6D2620C24E0003E6BE /* mock.json in Resources */,
			);
			runOnlyForDeploymentPostprocessing = 0;
		};
		E6B5408F2617E2D300DB0807 /* Resources */ = {
			isa = PBXResourcesBuildPhase;
			buildActionMask = 2147483647;
			files = (
			);
			runOnlyForDeploymentPostprocessing = 0;
		};
		E6B5409A2617E2D400DB0807 /* Resources */ = {
			isa = PBXResourcesBuildPhase;
			buildActionMask = 2147483647;
			files = (
			);
			runOnlyForDeploymentPostprocessing = 0;
		};
/* End PBXResourcesBuildPhase section */

/* Begin PBXSourcesBuildPhase section */
		E6B540772617E2C700DB0807 /* Sources */ = {
			isa = PBXSourcesBuildPhase;
			buildActionMask = 2147483647;
			files = (
				E6B540B7261BB1DE00DB0807 /* Models.swift in Sources */,
				E6B540B2261BA42B00DB0807 /* SportsTimerViewController.swift in Sources */,
				E6B540BF261BB44D00DB0807 /* AppColors.swift in Sources */,
				E6B5407F2617E2C700DB0807 /* AppDelegate.swift in Sources */,
				E6B540C4261BB9AB00DB0807 /* ActivitiesManager.swift in Sources */,
				E6B540812617E2C700DB0807 /* SceneDelegate.swift in Sources */,
			);
			runOnlyForDeploymentPostprocessing = 0;
		};
		E6B5408D2617E2D300DB0807 /* Sources */ = {
			isa = PBXSourcesBuildPhase;
			buildActionMask = 2147483647;
			files = (
				E6B540962617E2D300DB0807 /* SportsTimerTests.swift in Sources */,
			);
			runOnlyForDeploymentPostprocessing = 0;
		};
		E6B540982617E2D400DB0807 /* Sources */ = {
			isa = PBXSourcesBuildPhase;
			buildActionMask = 2147483647;
			files = (
				E6B540A12617E2D400DB0807 /* SportsTimerUITests.swift in Sources */,
			);
			runOnlyForDeploymentPostprocessing = 0;
		};
/* End PBXSourcesBuildPhase section */

/* Begin PBXTargetDependency section */
		E6B540932617E2D300DB0807 /* PBXTargetDependency */ = {
			isa = PBXTargetDependency;
			target = E6B5407A2617E2C700DB0807 /* SportsTimer */;
			targetProxy = E6B540922617E2D300DB0807 /* PBXContainerItemProxy */;
		};
		E6B5409E2617E2D400DB0807 /* PBXTargetDependency */ = {
			isa = PBXTargetDependency;
			target = E6B5407A2617E2C700DB0807 /* SportsTimer */;
			targetProxy = E6B5409D2617E2D400DB0807 /* PBXContainerItemProxy */;
		};
/* End PBXTargetDependency section */

/* Begin PBXVariantGroup section */
		E6B540842617E2C700DB0807 /* Main.storyboard */ = {
			isa = PBXVariantGroup;
			children = (
				E6B540852617E2C700DB0807 /* Base */,
			);
			name = Main.storyboard;
			sourceTree = "<group>";
		};
		E6B540892617E2D300DB0807 /* LaunchScreen.storyboard */ = {
			isa = PBXVariantGroup;
			children = (
				E6B5408A2617E2D300DB0807 /* Base */,
			);
			name = LaunchScreen.storyboard;
			sourceTree = "<group>";
		};
/* End PBXVariantGroup section */

/* Begin XCBuildConfiguration section */
		E6B540A32617E2D400DB0807 /* Debug */ = {
			isa = XCBuildConfiguration;
			buildSettings = {
				ALWAYS_SEARCH_USER_PATHS = NO;
				CLANG_ANALYZER_NONNULL = YES;
				CLANG_ANALYZER_NUMBER_OBJECT_CONVERSION = YES_AGGRESSIVE;
				CLANG_CXX_LANGUAGE_STANDARD = "gnu++14";
				CLANG_CXX_LIBRARY = "libc++";
				CLANG_ENABLE_MODULES = YES;
				CLANG_ENABLE_OBJC_ARC = YES;
				CLANG_ENABLE_OBJC_WEAK = YES;
				CLANG_WARN_BLOCK_CAPTURE_AUTORELEASING = YES;
				CLANG_WARN_BOOL_CONVERSION = YES;
				CLANG_WARN_COMMA = YES;
				CLANG_WARN_CONSTANT_CONVERSION = YES;
				CLANG_WARN_DEPRECATED_OBJC_IMPLEMENTATIONS = YES;
				CLANG_WARN_DIRECT_OBJC_ISA_USAGE = YES_ERROR;
				CLANG_WARN_DOCUMENTATION_COMMENTS = YES;
				CLANG_WARN_EMPTY_BODY = YES;
				CLANG_WARN_ENUM_CONVERSION = YES;
				CLANG_WARN_INFINITE_RECURSION = YES;
				CLANG_WARN_INT_CONVERSION = YES;
				CLANG_WARN_NON_LITERAL_NULL_CONVERSION = YES;
				CLANG_WARN_OBJC_IMPLICIT_RETAIN_SELF = YES;
				CLANG_WARN_OBJC_LITERAL_CONVERSION = YES;
				CLANG_WARN_OBJC_ROOT_CLASS = YES_ERROR;
				CLANG_WARN_QUOTED_INCLUDE_IN_FRAMEWORK_HEADER = YES;
				CLANG_WARN_RANGE_LOOP_ANALYSIS = YES;
				CLANG_WARN_STRICT_PROTOTYPES = YES;
				CLANG_WARN_SUSPICIOUS_MOVE = YES;
				CLANG_WARN_UNGUARDED_AVAILABILITY = YES_AGGRESSIVE;
				CLANG_WARN_UNREACHABLE_CODE = YES;
				CLANG_WARN__DUPLICATE_METHOD_MATCH = YES;
				COPY_PHASE_STRIP = NO;
				DEBUG_INFORMATION_FORMAT = dwarf;
				ENABLE_STRICT_OBJC_MSGSEND = YES;
				ENABLE_TESTABILITY = YES;
				GCC_C_LANGUAGE_STANDARD = gnu11;
				GCC_DYNAMIC_NO_PIC = NO;
				GCC_NO_COMMON_BLOCKS = YES;
				GCC_OPTIMIZATION_LEVEL = 0;
				GCC_PREPROCESSOR_DEFINITIONS = (
					"DEBUG=1",
					"$(inherited)",
				);
				GCC_WARN_64_TO_32_BIT_CONVERSION = YES;
				GCC_WARN_ABOUT_RETURN_TYPE = YES_ERROR;
				GCC_WARN_UNDECLARED_SELECTOR = YES;
				GCC_WARN_UNINITIALIZED_AUTOS = YES_AGGRESSIVE;
				GCC_WARN_UNUSED_FUNCTION = YES;
				GCC_WARN_UNUSED_VARIABLE = YES;
				IPHONEOS_DEPLOYMENT_TARGET = 14.4;
				MTL_ENABLE_DEBUG_INFO = INCLUDE_SOURCE;
				MTL_FAST_MATH = YES;
				ONLY_ACTIVE_ARCH = YES;
				SDKROOT = iphoneos;
				SWIFT_ACTIVE_COMPILATION_CONDITIONS = DEBUG;
				SWIFT_OPTIMIZATION_LEVEL = "-Onone";
			};
			name = Debug;
		};
		E6B540A42617E2D400DB0807 /* Release */ = {
			isa = XCBuildConfiguration;
			buildSettings = {
				ALWAYS_SEARCH_USER_PATHS = NO;
				CLANG_ANALYZER_NONNULL = YES;
				CLANG_ANALYZER_NUMBER_OBJECT_CONVERSION = YES_AGGRESSIVE;
				CLANG_CXX_LANGUAGE_STANDARD = "gnu++14";
				CLANG_CXX_LIBRARY = "libc++";
				CLANG_ENABLE_MODULES = YES;
				CLANG_ENABLE_OBJC_ARC = YES;
				CLANG_ENABLE_OBJC_WEAK = YES;
				CLANG_WARN_BLOCK_CAPTURE_AUTORELEASING = YES;
				CLANG_WARN_BOOL_CONVERSION = YES;
				CLANG_WARN_COMMA = YES;
				CLANG_WARN_CONSTANT_CONVERSION = YES;
				CLANG_WARN_DEPRECATED_OBJC_IMPLEMENTATIONS = YES;
				CLANG_WARN_DIRECT_OBJC_ISA_USAGE = YES_ERROR;
				CLANG_WARN_DOCUMENTATION_COMMENTS = YES;
				CLANG_WARN_EMPTY_BODY = YES;
				CLANG_WARN_ENUM_CONVERSION = YES;
				CLANG_WARN_INFINITE_RECURSION = YES;
				CLANG_WARN_INT_CONVERSION = YES;
				CLANG_WARN_NON_LITERAL_NULL_CONVERSION = YES;
				CLANG_WARN_OBJC_IMPLICIT_RETAIN_SELF = YES;
				CLANG_WARN_OBJC_LITERAL_CONVERSION = YES;
				CLANG_WARN_OBJC_ROOT_CLASS = YES_ERROR;
				CLANG_WARN_QUOTED_INCLUDE_IN_FRAMEWORK_HEADER = YES;
				CLANG_WARN_RANGE_LOOP_ANALYSIS = YES;
				CLANG_WARN_STRICT_PROTOTYPES = YES;
				CLANG_WARN_SUSPICIOUS_MOVE = YES;
				CLANG_WARN_UNGUARDED_AVAILABILITY = YES_AGGRESSIVE;
				CLANG_WARN_UNREACHABLE_CODE = YES;
				CLANG_WARN__DUPLICATE_METHOD_MATCH = YES;
				COPY_PHASE_STRIP = NO;
				DEBUG_INFORMATION_FORMAT = "dwarf-with-dsym";
				ENABLE_NS_ASSERTIONS = NO;
				ENABLE_STRICT_OBJC_MSGSEND = YES;
				GCC_C_LANGUAGE_STANDARD = gnu11;
				GCC_NO_COMMON_BLOCKS = YES;
				GCC_WARN_64_TO_32_BIT_CONVERSION = YES;
				GCC_WARN_ABOUT_RETURN_TYPE = YES_ERROR;
				GCC_WARN_UNDECLARED_SELECTOR = YES;
				GCC_WARN_UNINITIALIZED_AUTOS = YES_AGGRESSIVE;
				GCC_WARN_UNUSED_FUNCTION = YES;
				GCC_WARN_UNUSED_VARIABLE = YES;
				IPHONEOS_DEPLOYMENT_TARGET = 14.4;
				MTL_ENABLE_DEBUG_INFO = NO;
				MTL_FAST_MATH = YES;
				SDKROOT = iphoneos;
				SWIFT_COMPILATION_MODE = wholemodule;
				SWIFT_OPTIMIZATION_LEVEL = "-O";
				VALIDATE_PRODUCT = YES;
			};
			name = Release;
		};
		E6B540A62617E2D400DB0807 /* Debug */ = {
			isa = XCBuildConfiguration;
			buildSettings = {
				ASSETCATALOG_COMPILER_APPICON_NAME = AppIcon;
				ASSETCATALOG_COMPILER_GLOBAL_ACCENT_COLOR_NAME = AccentColor;
				CODE_SIGN_STYLE = Automatic;
				DEVELOPMENT_TEAM = X97289P8XK;
				INFOPLIST_FILE = SportsTimer/Info.plist;
				LD_RUNPATH_SEARCH_PATHS = (
					"$(inherited)",
					"@executable_path/Frameworks",
				);
				PRODUCT_BUNDLE_IDENTIFIER = sports.timer.SportsTimer;
				PRODUCT_NAME = "$(TARGET_NAME)";
				SWIFT_VERSION = 5.0;
				TARGETED_DEVICE_FAMILY = "1,2";
			};
			name = Debug;
		};
		E6B540A72617E2D400DB0807 /* Release */ = {
			isa = XCBuildConfiguration;
			buildSettings = {
				ASSETCATALOG_COMPILER_APPICON_NAME = AppIcon;
				ASSETCATALOG_COMPILER_GLOBAL_ACCENT_COLOR_NAME = AccentColor;
				CODE_SIGN_STYLE = Automatic;
				DEVELOPMENT_TEAM = X97289P8XK;
				INFOPLIST_FILE = SportsTimer/Info.plist;
				LD_RUNPATH_SEARCH_PATHS = (
					"$(inherited)",
					"@executable_path/Frameworks",
				);
				PRODUCT_BUNDLE_IDENTIFIER = sports.timer.SportsTimer;
				PRODUCT_NAME = "$(TARGET_NAME)";
				SWIFT_VERSION = 5.0;
				TARGETED_DEVICE_FAMILY = "1,2";
			};
			name = Release;
		};
		E6B540A92617E2D400DB0807 /* Debug */ = {
			isa = XCBuildConfiguration;
			buildSettings = {
				ALWAYS_EMBED_SWIFT_STANDARD_LIBRARIES = YES;
				BUNDLE_LOADER = "$(TEST_HOST)";
				CODE_SIGN_STYLE = Automatic;
				DEVELOPMENT_TEAM = X97289P8XK;
				INFOPLIST_FILE = SportsTimerTests/Info.plist;
				IPHONEOS_DEPLOYMENT_TARGET = 14.4;
				LD_RUNPATH_SEARCH_PATHS = (
					"$(inherited)",
					"@executable_path/Frameworks",
					"@loader_path/Frameworks",
				);
				PRODUCT_BUNDLE_IDENTIFIER = sports.timer.SportsTimerTests;
				PRODUCT_NAME = "$(TARGET_NAME)";
				SWIFT_VERSION = 5.0;
				TARGETED_DEVICE_FAMILY = "1,2";
				TEST_HOST = "$(BUILT_PRODUCTS_DIR)/SportsTimer.app/SportsTimer";
			};
			name = Debug;
		};
		E6B540AA2617E2D400DB0807 /* Release */ = {
			isa = XCBuildConfiguration;
			buildSettings = {
				ALWAYS_EMBED_SWIFT_STANDARD_LIBRARIES = YES;
				BUNDLE_LOADER = "$(TEST_HOST)";
				CODE_SIGN_STYLE = Automatic;
				DEVELOPMENT_TEAM = X97289P8XK;
				INFOPLIST_FILE = SportsTimerTests/Info.plist;
				IPHONEOS_DEPLOYMENT_TARGET = 14.4;
				LD_RUNPATH_SEARCH_PATHS = (
					"$(inherited)",
					"@executable_path/Frameworks",
					"@loader_path/Frameworks",
				);
				PRODUCT_BUNDLE_IDENTIFIER = sports.timer.SportsTimerTests;
				PRODUCT_NAME = "$(TARGET_NAME)";
				SWIFT_VERSION = 5.0;
				TARGETED_DEVICE_FAMILY = "1,2";
				TEST_HOST = "$(BUILT_PRODUCTS_DIR)/SportsTimer.app/SportsTimer";
			};
			name = Release;
		};
		E6B540AC2617E2D400DB0807 /* Debug */ = {
			isa = XCBuildConfiguration;
			buildSettings = {
				ALWAYS_EMBED_SWIFT_STANDARD_LIBRARIES = YES;
				CODE_SIGN_STYLE = Automatic;
				DEVELOPMENT_TEAM = X97289P8XK;
				INFOPLIST_FILE = SportsTimerUITests/Info.plist;
				LD_RUNPATH_SEARCH_PATHS = (
					"$(inherited)",
					"@executable_path/Frameworks",
					"@loader_path/Frameworks",
				);
				PRODUCT_BUNDLE_IDENTIFIER = sports.timer.SportsTimerUITests;
				PRODUCT_NAME = "$(TARGET_NAME)";
				SWIFT_VERSION = 5.0;
				TARGETED_DEVICE_FAMILY = "1,2";
				TEST_TARGET_NAME = SportsTimer;
			};
			name = Debug;
		};
		E6B540AD2617E2D400DB0807 /* Release */ = {
			isa = XCBuildConfiguration;
			buildSettings = {
				ALWAYS_EMBED_SWIFT_STANDARD_LIBRARIES = YES;
				CODE_SIGN_STYLE = Automatic;
				DEVELOPMENT_TEAM = X97289P8XK;
				INFOPLIST_FILE = SportsTimerUITests/Info.plist;
				LD_RUNPATH_SEARCH_PATHS = (
					"$(inherited)",
					"@executable_path/Frameworks",
					"@loader_path/Frameworks",
				);
				PRODUCT_BUNDLE_IDENTIFIER = sports.timer.SportsTimerUITests;
				PRODUCT_NAME = "$(TARGET_NAME)";
				SWIFT_VERSION = 5.0;
				TARGETED_DEVICE_FAMILY = "1,2";
				TEST_TARGET_NAME = SportsTimer;
			};
			name = Release;
		};
/* End XCBuildConfiguration section */

/* Begin XCConfigurationList section */
		E6B540762617E2C700DB0807 /* Build configuration list for PBXProject "SportsTimer" */ = {
			isa = XCConfigurationList;
			buildConfigurations = (
				E6B540A32617E2D400DB0807 /* Debug */,
				E6B540A42617E2D400DB0807 /* Release */,
			);
			defaultConfigurationIsVisible = 0;
			defaultConfigurationName = Release;
		};
		E6B540A52617E2D400DB0807 /* Build configuration list for PBXNativeTarget "SportsTimer" */ = {
			isa = XCConfigurationList;
			buildConfigurations = (
				E6B540A62617E2D400DB0807 /* Debug */,
				E6B540A72617E2D400DB0807 /* Release */,
			);
			defaultConfigurationIsVisible = 0;
			defaultConfigurationName = Release;
		};
		E6B540A82617E2D400DB0807 /* Build configuration list for PBXNativeTarget "SportsTimerTests" */ = {
			isa = XCConfigurationList;
			buildConfigurations = (
				E6B540A92617E2D400DB0807 /* Debug */,
				E6B540AA2617E2D400DB0807 /* Release */,
			);
			defaultConfigurationIsVisible = 0;
			defaultConfigurationName = Release;
		};
		E6B540AB2617E2D400DB0807 /* Build configuration list for PBXNativeTarget "SportsTimerUITests" */ = {
			isa = XCConfigurationList;
			buildConfigurations = (
				E6B540AC2617E2D400DB0807 /* Debug */,
				E6B540AD2617E2D400DB0807 /* Release */,
			);
			defaultConfigurationIsVisible = 0;
			defaultConfigurationName = Release;
		};
/* End XCConfigurationList section */
	};
	rootObject = E6B540732617E2C700DB0807 /* Project object */;
}
